
Microsoft Visual Studio Solution File, Format Version 12.00
# Visual Studio 2013
VisualStudioVersion = 12.0.21005.1
MinimumVisualStudioVersion = 10.0.40219.1
Project("{FAE04EC0-301F-11D3-BF4B-00C04F79EFBC}") = "Revision_WiF", "Revision_WiF\Revision_WiF.csproj", "{A2F60523-8237-4D70-A66A-9E7E53C1C4FF}"
EndProject
Global
	GlobalSection(SolutionConfigurationPlatforms) = preSolution
		Debug|Any CPU = Debug|Any CPU
		Release|Any CPU = Release|Any CPU
	EndGlobalSection
	GlobalSection(ProjectConfigurationPlatforms) = postSolution
		{A2F60523-8237-4D70-A66A-9E7E53C1C4FF}.Debug|Any CPU.ActiveCfg = Debug|Any CPU
		{A2F60523-8237-4D70-A66A-9E7E53C1C4FF}.Debug|Any CPU.Build.0 = Debug|Any CPU
		{A2F60523-8237-4D70-A66A-9E7E53C1C4FF}.Release|Any CPU.ActiveCfg = Release|Any CPU
		{A2F60523-8237-4D70-A66A-9E7E53C1C4FF}.Release|Any CPU.Build.0 = Release|Any CPU
	EndGlobalSection
	GlobalSection(SolutionProperties) = preSolution
		HideSolutionNode = FALSE
	EndGlobalSection
EndGlobal
